
Microsoft Visual Studio Solution File, Format Version 12.00
# Visual Studio Version 17
VisualStudioVersion = 17.0.32126.317
MinimumVisualStudioVersion = 10.0.40219.1
Project("{FAE04EC0-301F-11D3-BF4B-00C04F79EFBC}") = "oef_03_09", "oef_03_09.csproj", "{0967F79B-8013-4B7C-9573-4BE10701E9FE}"
EndProject
Global
	GlobalSection(SolutionConfigurationPlatforms) = preSolution
		Debug|Any CPU = Debug|Any CPU
		Release|Any CPU = Release|Any CPU
	EndGlobalSection
	GlobalSection(ProjectConfigurationPlatforms) = postSolution
		{0967F79B-8013-4B7C-9573-4BE10701E9FE}.Debug|Any CPU.ActiveCfg = Debug|Any CPU
		{0967F79B-8013-4B7C-9573-4BE10701E9FE}.Debug|Any CPU.Build.0 = Debug|Any CPU
		{0967F79B-8013-4B7C-9573-4BE10701E9FE}.Release|Any CPU.ActiveCfg = Release|Any CPU
		{0967F79B-8013-4B7C-9573-4BE10701E9FE}.Release|Any CPU.Build.0 = Release|Any CPU
	EndGlobalSection
	GlobalSection(SolutionProperties) = preSolution
		HideSolutionNode = FALSE
	EndGlobalSection
	GlobalSection(ExtensibilityGlobals) = postSolution
		SolutionGuid = {868AD4BE-6734-4858-B508-21D698AB50A8}
	EndGlobalSection
EndGlobal
