
Microsoft Visual Studio Solution File, Format Version 12.00
# Visual Studio Version 17
VisualStudioVersion = 17.0.32126.317
MinimumVisualStudioVersion = 10.0.40219.1
Project("{FAE04EC0-301F-11D3-BF4B-00C04F79EFBC}") = "oef_07_01", "oef_07_01.csproj", "{30227FA0-8C73-40CC-B053-CC1FCFFDAF1F}"
EndProject
Global
	GlobalSection(SolutionConfigurationPlatforms) = preSolution
		Debug|Any CPU = Debug|Any CPU
		Release|Any CPU = Release|Any CPU
	EndGlobalSection
	GlobalSection(ProjectConfigurationPlatforms) = postSolution
		{30227FA0-8C73-40CC-B053-CC1FCFFDAF1F}.Debug|Any CPU.ActiveCfg = Debug|Any CPU
		{30227FA0-8C73-40CC-B053-CC1FCFFDAF1F}.Debug|Any CPU.Build.0 = Debug|Any CPU
		{30227FA0-8C73-40CC-B053-CC1FCFFDAF1F}.Release|Any CPU.ActiveCfg = Release|Any CPU
		{30227FA0-8C73-40CC-B053-CC1FCFFDAF1F}.Release|Any CPU.Build.0 = Release|Any CPU
	EndGlobalSection
	GlobalSection(SolutionProperties) = preSolution
		HideSolutionNode = FALSE
	EndGlobalSection
	GlobalSection(ExtensibilityGlobals) = postSolution
		SolutionGuid = {A126D7D5-B75E-483B-B35D-85FAC9818ABB}
	EndGlobalSection
EndGlobal
