
Microsoft Visual Studio Solution File, Format Version 12.00
# Visual Studio Version 17
VisualStudioVersion = 17.0.32126.317
MinimumVisualStudioVersion = 10.0.40219.1
Project("{FAE04EC0-301F-11D3-BF4B-00C04F79EFBC}") = "oef_09_07", "oef_09_07.csproj", "{D77794D9-FEA6-4131-9C89-8573DB2CD425}"
EndProject
Global
	GlobalSection(SolutionConfigurationPlatforms) = preSolution
		Debug|Any CPU = Debug|Any CPU
		Release|Any CPU = Release|Any CPU
	EndGlobalSection
	GlobalSection(ProjectConfigurationPlatforms) = postSolution
		{D77794D9-FEA6-4131-9C89-8573DB2CD425}.Debug|Any CPU.ActiveCfg = Debug|Any CPU
		{D77794D9-FEA6-4131-9C89-8573DB2CD425}.Debug|Any CPU.Build.0 = Debug|Any CPU
		{D77794D9-FEA6-4131-9C89-8573DB2CD425}.Release|Any CPU.ActiveCfg = Release|Any CPU
		{D77794D9-FEA6-4131-9C89-8573DB2CD425}.Release|Any CPU.Build.0 = Release|Any CPU
	EndGlobalSection
	GlobalSection(SolutionProperties) = preSolution
		HideSolutionNode = FALSE
	EndGlobalSection
	GlobalSection(ExtensibilityGlobals) = postSolution
		SolutionGuid = {7E0EDAEC-631A-411E-8049-5ACD1F214D96}
	EndGlobalSection
EndGlobal
