
Microsoft Visual Studio Solution File, Format Version 12.00
# Visual Studio Version 17
VisualStudioVersion = 17.0.32126.317
MinimumVisualStudioVersion = 10.0.40219.1
Project("{FAE04EC0-301F-11D3-BF4B-00C04F79EFBC}") = "Les1Sequentie", "Les1Sequentie.csproj", "{BDDDB83B-0420-4952-91CA-97DAD3EEB078}"
EndProject
Global
	GlobalSection(SolutionConfigurationPlatforms) = preSolution
		Debug|Any CPU = Debug|Any CPU
		Release|Any CPU = Release|Any CPU
	EndGlobalSection
	GlobalSection(ProjectConfigurationPlatforms) = postSolution
		{BDDDB83B-0420-4952-91CA-97DAD3EEB078}.Debug|Any CPU.ActiveCfg = Debug|Any CPU
		{BDDDB83B-0420-4952-91CA-97DAD3EEB078}.Debug|Any CPU.Build.0 = Debug|Any CPU
		{BDDDB83B-0420-4952-91CA-97DAD3EEB078}.Release|Any CPU.ActiveCfg = Release|Any CPU
		{BDDDB83B-0420-4952-91CA-97DAD3EEB078}.Release|Any CPU.Build.0 = Release|Any CPU
	EndGlobalSection
	GlobalSection(SolutionProperties) = preSolution
		HideSolutionNode = FALSE
	EndGlobalSection
	GlobalSection(ExtensibilityGlobals) = postSolution
		SolutionGuid = {ECCB9B35-B110-4378-90F1-ECD9164FC241}
	EndGlobalSection
EndGlobal
