
Microsoft Visual Studio Solution File, Format Version 12.00
# Visual Studio Version 17
VisualStudioVersion = 17.0.32126.317
MinimumVisualStudioVersion = 10.0.40219.1
Project("{FAE04EC0-301F-11D3-BF4B-00C04F79EFBC}") = "oef_01_03", "oef_01_03.csproj", "{AA800A67-51EA-428E-A77E-C0797CFD363A}"
EndProject
Global
	GlobalSection(SolutionConfigurationPlatforms) = preSolution
		Debug|Any CPU = Debug|Any CPU
		Release|Any CPU = Release|Any CPU
	EndGlobalSection
	GlobalSection(ProjectConfigurationPlatforms) = postSolution
		{AA800A67-51EA-428E-A77E-C0797CFD363A}.Debug|Any CPU.ActiveCfg = Debug|Any CPU
		{AA800A67-51EA-428E-A77E-C0797CFD363A}.Debug|Any CPU.Build.0 = Debug|Any CPU
		{AA800A67-51EA-428E-A77E-C0797CFD363A}.Release|Any CPU.ActiveCfg = Release|Any CPU
		{AA800A67-51EA-428E-A77E-C0797CFD363A}.Release|Any CPU.Build.0 = Release|Any CPU
	EndGlobalSection
	GlobalSection(SolutionProperties) = preSolution
		HideSolutionNode = FALSE
	EndGlobalSection
	GlobalSection(ExtensibilityGlobals) = postSolution
		SolutionGuid = {4DADA75C-8254-48D5-B83B-12292F68083B}
	EndGlobalSection
EndGlobal
