
Microsoft Visual Studio Solution File, Format Version 12.00
# Visual Studio Version 17
VisualStudioVersion = 17.0.32126.317
MinimumVisualStudioVersion = 10.0.40219.1
Project("{FAE04EC0-301F-11D3-BF4B-00C04F79EFBC}") = "Les_08", "Les_08.csproj", "{E1C8D76B-3C05-4A1B-A948-C6F1F035F5E4}"
EndProject
Global
	GlobalSection(SolutionConfigurationPlatforms) = preSolution
		Debug|Any CPU = Debug|Any CPU
		Release|Any CPU = Release|Any CPU
	EndGlobalSection
	GlobalSection(ProjectConfigurationPlatforms) = postSolution
		{E1C8D76B-3C05-4A1B-A948-C6F1F035F5E4}.Debug|Any CPU.ActiveCfg = Debug|Any CPU
		{E1C8D76B-3C05-4A1B-A948-C6F1F035F5E4}.Debug|Any CPU.Build.0 = Debug|Any CPU
		{E1C8D76B-3C05-4A1B-A948-C6F1F035F5E4}.Release|Any CPU.ActiveCfg = Release|Any CPU
		{E1C8D76B-3C05-4A1B-A948-C6F1F035F5E4}.Release|Any CPU.Build.0 = Release|Any CPU
	EndGlobalSection
	GlobalSection(SolutionProperties) = preSolution
		HideSolutionNode = FALSE
	EndGlobalSection
	GlobalSection(ExtensibilityGlobals) = postSolution
		SolutionGuid = {EE4B041A-863A-4447-81DC-2C8D56ADF515}
	EndGlobalSection
EndGlobal
