
Microsoft Visual Studio Solution File, Format Version 12.00
# Visual Studio Version 17
VisualStudioVersion = 17.0.32126.317
MinimumVisualStudioVersion = 10.0.40219.1
Project("{FAE04EC0-301F-11D3-BF4B-00C04F79EFBC}") = "oef_09_00", "oef_09_00.csproj", "{1470CADF-FE32-4E54-88F1-593E8A6D8EAB}"
EndProject
Global
	GlobalSection(SolutionConfigurationPlatforms) = preSolution
		Debug|Any CPU = Debug|Any CPU
		Release|Any CPU = Release|Any CPU
	EndGlobalSection
	GlobalSection(ProjectConfigurationPlatforms) = postSolution
		{1470CADF-FE32-4E54-88F1-593E8A6D8EAB}.Debug|Any CPU.ActiveCfg = Debug|Any CPU
		{1470CADF-FE32-4E54-88F1-593E8A6D8EAB}.Debug|Any CPU.Build.0 = Debug|Any CPU
		{1470CADF-FE32-4E54-88F1-593E8A6D8EAB}.Release|Any CPU.ActiveCfg = Release|Any CPU
		{1470CADF-FE32-4E54-88F1-593E8A6D8EAB}.Release|Any CPU.Build.0 = Release|Any CPU
	EndGlobalSection
	GlobalSection(SolutionProperties) = preSolution
		HideSolutionNode = FALSE
	EndGlobalSection
	GlobalSection(ExtensibilityGlobals) = postSolution
		SolutionGuid = {2DA3CB7E-3F53-4340-ACF7-A9B957DAF077}
	EndGlobalSection
EndGlobal
