
Microsoft Visual Studio Solution File, Format Version 12.00
# Visual Studio Version 17
VisualStudioVersion = 17.0.32126.317
MinimumVisualStudioVersion = 10.0.40219.1
Project("{FAE04EC0-301F-11D3-BF4B-00C04F79EFBC}") = "oef_03_04", "oef_03_04.csproj", "{02F7AF09-C59B-4434-89E2-7D7913118723}"
EndProject
Global
	GlobalSection(SolutionConfigurationPlatforms) = preSolution
		Debug|Any CPU = Debug|Any CPU
		Release|Any CPU = Release|Any CPU
	EndGlobalSection
	GlobalSection(ProjectConfigurationPlatforms) = postSolution
		{02F7AF09-C59B-4434-89E2-7D7913118723}.Debug|Any CPU.ActiveCfg = Debug|Any CPU
		{02F7AF09-C59B-4434-89E2-7D7913118723}.Debug|Any CPU.Build.0 = Debug|Any CPU
		{02F7AF09-C59B-4434-89E2-7D7913118723}.Release|Any CPU.ActiveCfg = Release|Any CPU
		{02F7AF09-C59B-4434-89E2-7D7913118723}.Release|Any CPU.Build.0 = Release|Any CPU
	EndGlobalSection
	GlobalSection(SolutionProperties) = preSolution
		HideSolutionNode = FALSE
	EndGlobalSection
	GlobalSection(ExtensibilityGlobals) = postSolution
		SolutionGuid = {D49178D8-D203-485A-A7AF-DEF4AE3CE918}
	EndGlobalSection
EndGlobal
