
Microsoft Visual Studio Solution File, Format Version 12.00
# Visual Studio Version 17
VisualStudioVersion = 17.0.32126.317
MinimumVisualStudioVersion = 10.0.40219.1
Project("{FAE04EC0-301F-11D3-BF4B-00C04F79EFBC}") = "oef_10_07", "oef_10_07.csproj", "{F96526F2-F2E0-4F50-8D2C-CB65B3120014}"
EndProject
Global
	GlobalSection(SolutionConfigurationPlatforms) = preSolution
		Debug|Any CPU = Debug|Any CPU
		Release|Any CPU = Release|Any CPU
	EndGlobalSection
	GlobalSection(ProjectConfigurationPlatforms) = postSolution
		{F96526F2-F2E0-4F50-8D2C-CB65B3120014}.Debug|Any CPU.ActiveCfg = Debug|Any CPU
		{F96526F2-F2E0-4F50-8D2C-CB65B3120014}.Debug|Any CPU.Build.0 = Debug|Any CPU
		{F96526F2-F2E0-4F50-8D2C-CB65B3120014}.Release|Any CPU.ActiveCfg = Release|Any CPU
		{F96526F2-F2E0-4F50-8D2C-CB65B3120014}.Release|Any CPU.Build.0 = Release|Any CPU
	EndGlobalSection
	GlobalSection(SolutionProperties) = preSolution
		HideSolutionNode = FALSE
	EndGlobalSection
	GlobalSection(ExtensibilityGlobals) = postSolution
		SolutionGuid = {6CE46790-D0DE-479A-B883-D7F631F4C33A}
	EndGlobalSection
EndGlobal
