
Microsoft Visual Studio Solution File, Format Version 12.00
# Visual Studio Version 17
VisualStudioVersion = 17.0.32126.317
MinimumVisualStudioVersion = 10.0.40219.1
Project("{FAE04EC0-301F-11D3-BF4B-00C04F79EFBC}") = "oef_03_05", "oef_03_05.csproj", "{C4E47632-2224-42ED-A987-81BA212DC0AD}"
EndProject
Global
	GlobalSection(SolutionConfigurationPlatforms) = preSolution
		Debug|Any CPU = Debug|Any CPU
		Release|Any CPU = Release|Any CPU
	EndGlobalSection
	GlobalSection(ProjectConfigurationPlatforms) = postSolution
		{C4E47632-2224-42ED-A987-81BA212DC0AD}.Debug|Any CPU.ActiveCfg = Debug|Any CPU
		{C4E47632-2224-42ED-A987-81BA212DC0AD}.Debug|Any CPU.Build.0 = Debug|Any CPU
		{C4E47632-2224-42ED-A987-81BA212DC0AD}.Release|Any CPU.ActiveCfg = Release|Any CPU
		{C4E47632-2224-42ED-A987-81BA212DC0AD}.Release|Any CPU.Build.0 = Release|Any CPU
	EndGlobalSection
	GlobalSection(SolutionProperties) = preSolution
		HideSolutionNode = FALSE
	EndGlobalSection
	GlobalSection(ExtensibilityGlobals) = postSolution
		SolutionGuid = {DC8708A2-B57C-4CBB-B106-7D3E7005AB2C}
	EndGlobalSection
EndGlobal
