
Microsoft Visual Studio Solution File, Format Version 12.00
# Visual Studio Version 17
VisualStudioVersion = 17.0.32126.317
MinimumVisualStudioVersion = 10.0.40219.1
Project("{FAE04EC0-301F-11D3-BF4B-00C04F79EFBC}") = "oef_01_06", "oef_01_06.csproj", "{CF792A47-F3BE-4983-A303-698898EA8BAE}"
EndProject
Global
	GlobalSection(SolutionConfigurationPlatforms) = preSolution
		Debug|Any CPU = Debug|Any CPU
		Release|Any CPU = Release|Any CPU
	EndGlobalSection
	GlobalSection(ProjectConfigurationPlatforms) = postSolution
		{CF792A47-F3BE-4983-A303-698898EA8BAE}.Debug|Any CPU.ActiveCfg = Debug|Any CPU
		{CF792A47-F3BE-4983-A303-698898EA8BAE}.Debug|Any CPU.Build.0 = Debug|Any CPU
		{CF792A47-F3BE-4983-A303-698898EA8BAE}.Release|Any CPU.ActiveCfg = Release|Any CPU
		{CF792A47-F3BE-4983-A303-698898EA8BAE}.Release|Any CPU.Build.0 = Release|Any CPU
	EndGlobalSection
	GlobalSection(SolutionProperties) = preSolution
		HideSolutionNode = FALSE
	EndGlobalSection
	GlobalSection(ExtensibilityGlobals) = postSolution
		SolutionGuid = {C4626B35-2D19-405B-9916-AA81DC6A4433}
	EndGlobalSection
EndGlobal
