
Microsoft Visual Studio Solution File, Format Version 12.00
# Visual Studio Version 17
VisualStudioVersion = 17.0.32126.317
MinimumVisualStudioVersion = 10.0.40219.1
Project("{FAE04EC0-301F-11D3-BF4B-00C04F79EFBC}") = "Les_06", "Les_06.csproj", "{59EFE35B-2F8D-42A4-81DF-3D7863B4E646}"
EndProject
Global
	GlobalSection(SolutionConfigurationPlatforms) = preSolution
		Debug|Any CPU = Debug|Any CPU
		Release|Any CPU = Release|Any CPU
	EndGlobalSection
	GlobalSection(ProjectConfigurationPlatforms) = postSolution
		{59EFE35B-2F8D-42A4-81DF-3D7863B4E646}.Debug|Any CPU.ActiveCfg = Debug|Any CPU
		{59EFE35B-2F8D-42A4-81DF-3D7863B4E646}.Debug|Any CPU.Build.0 = Debug|Any CPU
		{59EFE35B-2F8D-42A4-81DF-3D7863B4E646}.Release|Any CPU.ActiveCfg = Release|Any CPU
		{59EFE35B-2F8D-42A4-81DF-3D7863B4E646}.Release|Any CPU.Build.0 = Release|Any CPU
	EndGlobalSection
	GlobalSection(SolutionProperties) = preSolution
		HideSolutionNode = FALSE
	EndGlobalSection
	GlobalSection(ExtensibilityGlobals) = postSolution
		SolutionGuid = {C6506527-F57D-4B17-AEC6-D480973754DC}
	EndGlobalSection
EndGlobal
