
Microsoft Visual Studio Solution File, Format Version 12.00
# Visual Studio Version 17
VisualStudioVersion = 17.0.32126.317
MinimumVisualStudioVersion = 10.0.40219.1
Project("{FAE04EC0-301F-11D3-BF4B-00C04F79EFBC}") = "oef_07_08", "oef_07_08.csproj", "{22C95F3D-E477-4510-8A89-241B8892121D}"
EndProject
Global
	GlobalSection(SolutionConfigurationPlatforms) = preSolution
		Debug|Any CPU = Debug|Any CPU
		Release|Any CPU = Release|Any CPU
	EndGlobalSection
	GlobalSection(ProjectConfigurationPlatforms) = postSolution
		{22C95F3D-E477-4510-8A89-241B8892121D}.Debug|Any CPU.ActiveCfg = Debug|Any CPU
		{22C95F3D-E477-4510-8A89-241B8892121D}.Debug|Any CPU.Build.0 = Debug|Any CPU
		{22C95F3D-E477-4510-8A89-241B8892121D}.Release|Any CPU.ActiveCfg = Release|Any CPU
		{22C95F3D-E477-4510-8A89-241B8892121D}.Release|Any CPU.Build.0 = Release|Any CPU
	EndGlobalSection
	GlobalSection(SolutionProperties) = preSolution
		HideSolutionNode = FALSE
	EndGlobalSection
	GlobalSection(ExtensibilityGlobals) = postSolution
		SolutionGuid = {B5C610D6-1564-4CE3-B811-481229533994}
	EndGlobalSection
EndGlobal
