
Microsoft Visual Studio Solution File, Format Version 12.00
# Visual Studio Version 17
VisualStudioVersion = 17.0.32126.317
MinimumVisualStudioVersion = 10.0.40219.1
Project("{FAE04EC0-301F-11D3-BF4B-00C04F79EFBC}") = "oef_04_06", "oef_04_06.csproj", "{A5FA09BA-F6C7-405D-97D4-43B3670DA4F9}"
EndProject
Global
	GlobalSection(SolutionConfigurationPlatforms) = preSolution
		Debug|Any CPU = Debug|Any CPU
		Release|Any CPU = Release|Any CPU
	EndGlobalSection
	GlobalSection(ProjectConfigurationPlatforms) = postSolution
		{A5FA09BA-F6C7-405D-97D4-43B3670DA4F9}.Debug|Any CPU.ActiveCfg = Debug|Any CPU
		{A5FA09BA-F6C7-405D-97D4-43B3670DA4F9}.Debug|Any CPU.Build.0 = Debug|Any CPU
		{A5FA09BA-F6C7-405D-97D4-43B3670DA4F9}.Release|Any CPU.ActiveCfg = Release|Any CPU
		{A5FA09BA-F6C7-405D-97D4-43B3670DA4F9}.Release|Any CPU.Build.0 = Release|Any CPU
	EndGlobalSection
	GlobalSection(SolutionProperties) = preSolution
		HideSolutionNode = FALSE
	EndGlobalSection
	GlobalSection(ExtensibilityGlobals) = postSolution
		SolutionGuid = {C1322CCB-5F29-44A8-98BE-D2EA712449C6}
	EndGlobalSection
EndGlobal
