
Microsoft Visual Studio Solution File, Format Version 12.00
# Visual Studio Version 17
VisualStudioVersion = 17.0.32126.317
MinimumVisualStudioVersion = 10.0.40219.1
Project("{FAE04EC0-301F-11D3-BF4B-00C04F79EFBC}") = "oef_10_05", "oef_10_05.csproj", "{A7A2E7E0-8327-45E7-B2D9-E9B5ADDE10B2}"
EndProject
Global
	GlobalSection(SolutionConfigurationPlatforms) = preSolution
		Debug|Any CPU = Debug|Any CPU
		Release|Any CPU = Release|Any CPU
	EndGlobalSection
	GlobalSection(ProjectConfigurationPlatforms) = postSolution
		{A7A2E7E0-8327-45E7-B2D9-E9B5ADDE10B2}.Debug|Any CPU.ActiveCfg = Debug|Any CPU
		{A7A2E7E0-8327-45E7-B2D9-E9B5ADDE10B2}.Debug|Any CPU.Build.0 = Debug|Any CPU
		{A7A2E7E0-8327-45E7-B2D9-E9B5ADDE10B2}.Release|Any CPU.ActiveCfg = Release|Any CPU
		{A7A2E7E0-8327-45E7-B2D9-E9B5ADDE10B2}.Release|Any CPU.Build.0 = Release|Any CPU
	EndGlobalSection
	GlobalSection(SolutionProperties) = preSolution
		HideSolutionNode = FALSE
	EndGlobalSection
	GlobalSection(ExtensibilityGlobals) = postSolution
		SolutionGuid = {DEBBA6F3-9F90-458F-AB36-5E330C9DD9C1}
	EndGlobalSection
EndGlobal
