
Microsoft Visual Studio Solution File, Format Version 12.00
# Visual Studio Version 17
VisualStudioVersion = 17.0.32126.317
MinimumVisualStudioVersion = 10.0.40219.1
Project("{FAE04EC0-301F-11D3-BF4B-00C04F79EFBC}") = "oef_05_02", "oef_05_02.csproj", "{AF868DA4-BB7A-4D3F-A5CE-323395ABD83A}"
EndProject
Global
	GlobalSection(SolutionConfigurationPlatforms) = preSolution
		Debug|Any CPU = Debug|Any CPU
		Release|Any CPU = Release|Any CPU
	EndGlobalSection
	GlobalSection(ProjectConfigurationPlatforms) = postSolution
		{AF868DA4-BB7A-4D3F-A5CE-323395ABD83A}.Debug|Any CPU.ActiveCfg = Debug|Any CPU
		{AF868DA4-BB7A-4D3F-A5CE-323395ABD83A}.Debug|Any CPU.Build.0 = Debug|Any CPU
		{AF868DA4-BB7A-4D3F-A5CE-323395ABD83A}.Release|Any CPU.ActiveCfg = Release|Any CPU
		{AF868DA4-BB7A-4D3F-A5CE-323395ABD83A}.Release|Any CPU.Build.0 = Release|Any CPU
	EndGlobalSection
	GlobalSection(SolutionProperties) = preSolution
		HideSolutionNode = FALSE
	EndGlobalSection
	GlobalSection(ExtensibilityGlobals) = postSolution
		SolutionGuid = {BFA8820F-1BF4-4F3B-A546-22385DDFAABB}
	EndGlobalSection
EndGlobal
