
Microsoft Visual Studio Solution File, Format Version 12.00
# Visual Studio Version 17
VisualStudioVersion = 17.0.32126.317
MinimumVisualStudioVersion = 10.0.40219.1
Project("{FAE04EC0-301F-11D3-BF4B-00C04F79EFBC}") = "oef_10_03", "oef_10_03.csproj", "{70094C0F-7953-49AB-8DDC-213A1F8D1560}"
EndProject
Global
	GlobalSection(SolutionConfigurationPlatforms) = preSolution
		Debug|Any CPU = Debug|Any CPU
		Release|Any CPU = Release|Any CPU
	EndGlobalSection
	GlobalSection(ProjectConfigurationPlatforms) = postSolution
		{70094C0F-7953-49AB-8DDC-213A1F8D1560}.Debug|Any CPU.ActiveCfg = Debug|Any CPU
		{70094C0F-7953-49AB-8DDC-213A1F8D1560}.Debug|Any CPU.Build.0 = Debug|Any CPU
		{70094C0F-7953-49AB-8DDC-213A1F8D1560}.Release|Any CPU.ActiveCfg = Release|Any CPU
		{70094C0F-7953-49AB-8DDC-213A1F8D1560}.Release|Any CPU.Build.0 = Release|Any CPU
	EndGlobalSection
	GlobalSection(SolutionProperties) = preSolution
		HideSolutionNode = FALSE
	EndGlobalSection
	GlobalSection(ExtensibilityGlobals) = postSolution
		SolutionGuid = {D91E0AB9-3F56-4C00-8667-C45945C8020A}
	EndGlobalSection
EndGlobal
