
Microsoft Visual Studio Solution File, Format Version 12.00
# Visual Studio Version 17
VisualStudioVersion = 17.0.32126.317
MinimumVisualStudioVersion = 10.0.40219.1
Project("{FAE04EC0-301F-11D3-BF4B-00C04F79EFBC}") = "oef_09_01", "oef_09_01.csproj", "{0A3D9E67-B63A-40B9-A47F-0CFE6112D8EB}"
EndProject
Global
	GlobalSection(SolutionConfigurationPlatforms) = preSolution
		Debug|Any CPU = Debug|Any CPU
		Release|Any CPU = Release|Any CPU
	EndGlobalSection
	GlobalSection(ProjectConfigurationPlatforms) = postSolution
		{0A3D9E67-B63A-40B9-A47F-0CFE6112D8EB}.Debug|Any CPU.ActiveCfg = Debug|Any CPU
		{0A3D9E67-B63A-40B9-A47F-0CFE6112D8EB}.Debug|Any CPU.Build.0 = Debug|Any CPU
		{0A3D9E67-B63A-40B9-A47F-0CFE6112D8EB}.Release|Any CPU.ActiveCfg = Release|Any CPU
		{0A3D9E67-B63A-40B9-A47F-0CFE6112D8EB}.Release|Any CPU.Build.0 = Release|Any CPU
	EndGlobalSection
	GlobalSection(SolutionProperties) = preSolution
		HideSolutionNode = FALSE
	EndGlobalSection
	GlobalSection(ExtensibilityGlobals) = postSolution
		SolutionGuid = {0829CBCF-52CB-462B-873A-08EB5FDB46AB}
	EndGlobalSection
EndGlobal
