
Microsoft Visual Studio Solution File, Format Version 12.00
# Visual Studio Version 17
VisualStudioVersion = 17.0.32126.317
MinimumVisualStudioVersion = 10.0.40219.1
Project("{FAE04EC0-301F-11D3-BF4B-00C04F79EFBC}") = "oef_01_09", "oef_01_09.csproj", "{8EFC4256-9578-49CA-859A-39F89AC24FE2}"
EndProject
Global
	GlobalSection(SolutionConfigurationPlatforms) = preSolution
		Debug|Any CPU = Debug|Any CPU
		Release|Any CPU = Release|Any CPU
	EndGlobalSection
	GlobalSection(ProjectConfigurationPlatforms) = postSolution
		{8EFC4256-9578-49CA-859A-39F89AC24FE2}.Debug|Any CPU.ActiveCfg = Debug|Any CPU
		{8EFC4256-9578-49CA-859A-39F89AC24FE2}.Debug|Any CPU.Build.0 = Debug|Any CPU
		{8EFC4256-9578-49CA-859A-39F89AC24FE2}.Release|Any CPU.ActiveCfg = Release|Any CPU
		{8EFC4256-9578-49CA-859A-39F89AC24FE2}.Release|Any CPU.Build.0 = Release|Any CPU
	EndGlobalSection
	GlobalSection(SolutionProperties) = preSolution
		HideSolutionNode = FALSE
	EndGlobalSection
	GlobalSection(ExtensibilityGlobals) = postSolution
		SolutionGuid = {0F92AA1F-2C06-47C0-BA7F-7795D04EDDC3}
	EndGlobalSection
EndGlobal
