
Microsoft Visual Studio Solution File, Format Version 12.00
# Visual Studio Version 17
VisualStudioVersion = 17.0.32126.317
MinimumVisualStudioVersion = 10.0.40219.1
Project("{FAE04EC0-301F-11D3-BF4B-00C04F79EFBC}") = "oef_02_04", "oef_02_04.csproj", "{1CFC5D05-F03D-404A-9294-F660DD389F7B}"
EndProject
Global
	GlobalSection(SolutionConfigurationPlatforms) = preSolution
		Debug|Any CPU = Debug|Any CPU
		Release|Any CPU = Release|Any CPU
	EndGlobalSection
	GlobalSection(ProjectConfigurationPlatforms) = postSolution
		{1CFC5D05-F03D-404A-9294-F660DD389F7B}.Debug|Any CPU.ActiveCfg = Debug|Any CPU
		{1CFC5D05-F03D-404A-9294-F660DD389F7B}.Debug|Any CPU.Build.0 = Debug|Any CPU
		{1CFC5D05-F03D-404A-9294-F660DD389F7B}.Release|Any CPU.ActiveCfg = Release|Any CPU
		{1CFC5D05-F03D-404A-9294-F660DD389F7B}.Release|Any CPU.Build.0 = Release|Any CPU
	EndGlobalSection
	GlobalSection(SolutionProperties) = preSolution
		HideSolutionNode = FALSE
	EndGlobalSection
	GlobalSection(ExtensibilityGlobals) = postSolution
		SolutionGuid = {38D2C9DF-71C4-4AA7-AED1-02A6D3391125}
	EndGlobalSection
EndGlobal
