
Microsoft Visual Studio Solution File, Format Version 12.00
# Visual Studio Version 17
VisualStudioVersion = 17.0.32126.317
MinimumVisualStudioVersion = 10.0.40219.1
Project("{FAE04EC0-301F-11D3-BF4B-00C04F79EFBC}") = "oef_09_09", "oef_09_09.csproj", "{E05416E5-BED3-410A-943B-4B016801AD38}"
EndProject
Global
	GlobalSection(SolutionConfigurationPlatforms) = preSolution
		Debug|Any CPU = Debug|Any CPU
		Release|Any CPU = Release|Any CPU
	EndGlobalSection
	GlobalSection(ProjectConfigurationPlatforms) = postSolution
		{E05416E5-BED3-410A-943B-4B016801AD38}.Debug|Any CPU.ActiveCfg = Debug|Any CPU
		{E05416E5-BED3-410A-943B-4B016801AD38}.Debug|Any CPU.Build.0 = Debug|Any CPU
		{E05416E5-BED3-410A-943B-4B016801AD38}.Release|Any CPU.ActiveCfg = Release|Any CPU
		{E05416E5-BED3-410A-943B-4B016801AD38}.Release|Any CPU.Build.0 = Release|Any CPU
	EndGlobalSection
	GlobalSection(SolutionProperties) = preSolution
		HideSolutionNode = FALSE
	EndGlobalSection
	GlobalSection(ExtensibilityGlobals) = postSolution
		SolutionGuid = {AD97D07C-6669-4203-A7E6-B4526E097176}
	EndGlobalSection
EndGlobal
